
Microsoft Visual Studio Solution File, Format Version 12.00
# Visual Studio 14
VisualStudioVersion = 14.0.25420.1
MinimumVisualStudioVersion = 10.0.40219.1
Project("{FAE04EC0-301F-11D3-BF4B-00C04F79EFBC}") = "ImageService", "ImageManipulation\ImageService.csproj", "{B5E1AF4A-415C-41E1-BFC5-B0CB8EFE3FA1}"
EndProject
Project("{2150E333-8FDC-42A3-9474-1A3956D46DE8}") = "Solution Items", "Solution Items", "{D899F2D1-0101-4985-B814-0196A0FE01CD}"
	ProjectSection(SolutionItems) = preProject
		WebEssentials2015-Settings.json = WebEssentials2015-Settings.json
	EndProjectSection
EndProject
Project("{FAE04EC0-301F-11D3-BF4B-00C04F79EFBC}") = "ImageViewer", "TypeScriptDemo\ImageViewer.csproj", "{E86B364B-DC7D-4920-A597-E66C228CD677}"
EndProject
Global
	GlobalSection(SolutionConfigurationPlatforms) = preSolution
		Debug|Any CPU = Debug|Any CPU
		Release|Any CPU = Release|Any CPU
	EndGlobalSection
	GlobalSection(ProjectConfigurationPlatforms) = postSolution
		{B5E1AF4A-415C-41E1-BFC5-B0CB8EFE3FA1}.Debug|Any CPU.ActiveCfg = Debug|Any CPU
		{B5E1AF4A-415C-41E1-BFC5-B0CB8EFE3FA1}.Debug|Any CPU.Build.0 = Debug|Any CPU
		{B5E1AF4A-415C-41E1-BFC5-B0CB8EFE3FA1}.Release|Any CPU.ActiveCfg = Release|Any CPU
		{B5E1AF4A-415C-41E1-BFC5-B0CB8EFE3FA1}.Release|Any CPU.Build.0 = Release|Any CPU
		{E86B364B-DC7D-4920-A597-E66C228CD677}.Debug|Any CPU.ActiveCfg = Debug|Any CPU
		{E86B364B-DC7D-4920-A597-E66C228CD677}.Debug|Any CPU.Build.0 = Debug|Any CPU
		{E86B364B-DC7D-4920-A597-E66C228CD677}.Release|Any CPU.ActiveCfg = Release|Any CPU
		{E86B364B-DC7D-4920-A597-E66C228CD677}.Release|Any CPU.Build.0 = Release|Any CPU
	EndGlobalSection
	GlobalSection(SolutionProperties) = preSolution
		HideSolutionNode = FALSE
	EndGlobalSection
EndGlobal
